Microsoft Visual Studio Solution File, Format Version 12.00
# Visual Studio Version 17
VisualStudioVersion = 17.5.2.0
MinimumVisualStudioVersion = 10.0.40219.1
Project("{FAE04EC0-301F-11D3-BF4B-00C04F79EFBC}") = "Student portal", "Student portal.csproj", "{CA189646-B4E0-23B5-9D20-2B23D2EC2CC0}"
EndProject
Global
	GlobalSection(SolutionConfigurationPlatforms) = preSolution
		Debug|Any CPU = Debug|Any CPU
		Release|Any CPU = Release|Any CPU
	EndGlobalSection
	GlobalSection(ProjectConfigurationPlatforms) = postSolution
		{CA189646-B4E0-23B5-9D20-2B23D2EC2CC0}.Debug|Any CPU.ActiveCfg = Debug|Any CPU
		{CA189646-B4E0-23B5-9D20-2B23D2EC2CC0}.Debug|Any CPU.Build.0 = Debug|Any CPU
		{CA189646-B4E0-23B5-9D20-2B23D2EC2CC0}.Release|Any CPU.ActiveCfg = Release|Any CPU
		{CA189646-B4E0-23B5-9D20-2B23D2EC2CC0}.Release|Any CPU.Build.0 = Release|Any CPU
	EndGlobalSection
	GlobalSection(SolutionProperties) = preSolution
		HideSolutionNode = FALSE
	EndGlobalSection
	GlobalSection(ExtensibilityGlobals) = postSolution
		SolutionGuid = {DE244634-2F7B-4224-9024-7B6762E53C68}
	EndGlobalSection
EndGlobal
